
Microsoft Visual Studio Solution File, Format Version 12.00
# Visual Studio Version 17
VisualStudioVersion = 17.14.37111.16 d17.14
MinimumVisualStudioVersion = 10.0.40219.1
Project("{FAE04EC0-301F-11D3-BF4B-00C04F79EFBC}") = "WpfApp5", "WpfApp5.csproj", "{4D16D27B-5FE4-4521-BDDD-8C5637E16380}"
EndProject
Global
	GlobalSection(SolutionConfigurationPlatforms) = preSolution
		Debug|Any CPU = Debug|Any CPU
		Release|Any CPU = Release|Any CPU
	EndGlobalSection
	GlobalSection(ProjectConfigurationPlatforms) = postSolution
		{4D16D27B-5FE4-4521-BDDD-8C5637E16380}.Debug|Any CPU.ActiveCfg = Debug|Any CPU
		{4D16D27B-5FE4-4521-BDDD-8C5637E16380}.Debug|Any CPU.Build.0 = Debug|Any CPU
		{4D16D27B-5FE4-4521-BDDD-8C5637E16380}.Release|Any CPU.ActiveCfg = Release|Any CPU
		{4D16D27B-5FE4-4521-BDDD-8C5637E16380}.Release|Any CPU.Build.0 = Release|Any CPU
	EndGlobalSection
	GlobalSection(SolutionProperties) = preSolution
		HideSolutionNode = FALSE
	EndGlobalSection
	GlobalSection(ExtensibilityGlobals) = postSolution
		SolutionGuid = {7E193C56-C4AD-4348-B880-24FD8DCACD72}
	EndGlobalSection
EndGlobal
